
Microsoft Visual Studio Solution File, Format Version 12.00
# Visual Studio Version 16
VisualStudioVersion = 16.0.30804.86
MinimumVisualStudioVersion = 10.0.40219.1
Project("{FAE04EC0-301F-11D3-BF4B-00C04F79EFBC}") = "AuditTrail.EFCore.Demo", "AuditTrail.EFCore.Demo\AuditTrail.EFCore.Demo.csproj", "{63E85655-C0EE-4659-9419-B97152AB6588}"
EndProject
Global
	GlobalSection(SolutionConfigurationPlatforms) = preSolution
		Debug|Any CPU = Debug|Any CPU
		Release|Any CPU = Release|Any CPU
	EndGlobalSection
	GlobalSection(ProjectConfigurationPlatforms) = postSolution
		{63E85655-C0EE-4659-9419-B97152AB6588}.Debug|Any CPU.ActiveCfg = Debug|Any CPU
		{63E85655-C0EE-4659-9419-B97152AB6588}.Debug|Any CPU.Build.0 = Debug|Any CPU
		{63E85655-C0EE-4659-9419-B97152AB6588}.Release|Any CPU.ActiveCfg = Release|Any CPU
		{63E85655-C0EE-4659-9419-B97152AB6588}.Release|Any CPU.Build.0 = Release|Any CPU
	EndGlobalSection
	GlobalSection(SolutionProperties) = preSolution
		HideSolutionNode = FALSE
	EndGlobalSection
	GlobalSection(ExtensibilityGlobals) = postSolution
		SolutionGuid = {9FBAB512-1F5C-4F0C-8E49-829B55AB0A56}
	EndGlobalSection
EndGlobal
